
Microsoft Visual Studio Solution File, Format Version 12.00
# Visual Studio Version 16
VisualStudioVersion = 16.0.31911.196
MinimumVisualStudioVersion = 10.0.40219.1
Project("{FAE04EC0-301F-11D3-BF4B-00C04F79EFBC}") = "MovieDatabase", "MovieDatabase.csproj", "{DB034946-30A7-4A5E-9358-901DCF747E8C}"
EndProject
Global
	GlobalSection(SolutionConfigurationPlatforms) = preSolution
		Debug|Any CPU = Debug|Any CPU
		Release|Any CPU = Release|Any CPU
	EndGlobalSection
	GlobalSection(ProjectConfigurationPlatforms) = postSolution
		{DB034946-30A7-4A5E-9358-901DCF747E8C}.Debug|Any CPU.ActiveCfg = Debug|Any CPU
		{DB034946-30A7-4A5E-9358-901DCF747E8C}.Debug|Any CPU.Build.0 = Debug|Any CPU
		{DB034946-30A7-4A5E-9358-901DCF747E8C}.Release|Any CPU.ActiveCfg = Release|Any CPU
		{DB034946-30A7-4A5E-9358-901DCF747E8C}.Release|Any CPU.Build.0 = Release|Any CPU
	EndGlobalSection
	GlobalSection(SolutionProperties) = preSolution
		HideSolutionNode = FALSE
	EndGlobalSection
	GlobalSection(ExtensibilityGlobals) = postSolution
		SolutionGuid = {1C7D732A-F5EA-4A01-83EF-269246AAF1E5}
	EndGlobalSection
EndGlobal
